[root]
name = "baby-step-giant-step"
version = "0.1.0"
dependencies = [
 "rust-gmp 0.3.2 (registry+https://github.com/rust-lang/crates.io-index)",
 "rust-mpfr 0.1.7 (registry+https://github.com/rust-lang/crates.io-index)",
]

[[package]]
name = "libc"
version = "0.2.17"
source = "registry+https://github.com/rust-lang/crates.io-index"

[[package]]
name = "rust-gmp"
version = "0.3.2"
source = "registry+https://github.com/rust-lang/crates.io-index"
dependencies = [
 "libc 0.2.17 (registry+https://github.com/rust-lang/crates.io-index)",
]

[[package]]
name = "rust-mpfr"
version = "0.1.7"
source = "registry+https://github.com/rust-lang/crates.io-index"
dependencies = [
 "libc 0.2.17 (registry+https://github.com/rust-lang/crates.io-index)",
 "rust-gmp 0.3.2 (registry+https://github.com/rust-lang/crates.io-index)",
 "rustc-serialize 0.3.19 (registry+https://github.com/rust-lang/crates.io-index)",
]

[[package]]
name = "rustc-serialize"
version = "0.3.19"
source = "registry+https://github.com/rust-lang/crates.io-index"

[metadata]
"checksum libc 0.2.17 (registry+https://github.com/rust-lang/crates.io-index)" = "044d1360593a78f5c8e5e710beccdc24ab71d1f01bc19a29bcacdba22e8475d8"
"checksum rust-gmp 0.3.2 (registry+https://github.com/rust-lang/crates.io-index)" = "4cd7d57377b309a73f69e164109203aa9ab3fee6ea68ac5fb76e2edb50662e9b"
"checksum rust-mpfr 0.1.7 (registry+https://github.com/rust-lang/crates.io-index)" = "c53faca9fe46ec7dc47591b78ce6132accbf8dadb7e38f738a977562e478d5cd"
"checksum rustc-serialize 0.3.19 (registry+https://github.com/rust-lang/crates.io-index)" = "6159e4e6e559c81bd706afe9c8fd68f547d3e851ce12e76b1de7914bab61691b"
